
Microsoft Visual Studio Solution File, Format Version 12.00
# Visual Studio 2013
VisualStudioVersion = 12.0.31101.0
MinimumVisualStudioVersion = 10.0.40219.1
Project("{9092AA53-FB77-4645-B42D-1CCCA6BD08BD}") = "AngularWebAppMongoose", "AngularWebAppMongoose\AngularWebAppMongoose.njsproj", "{C1F91AB4-CAD4-4564-BFFA-C505C764F290}"
EndProject
Global
	GlobalSection(SolutionConfigurationPlatforms) = preSolution
		Debug|Any CPU = Debug|Any CPU
		Release|Any CPU = Release|Any CPU
	EndGlobalSection
	GlobalSection(ProjectConfigurationPlatforms) = postSolution
		{C1F91AB4-CAD4-4564-BFFA-C505C764F290}.Debug|Any CPU.ActiveCfg = Debug|Any CPU
		{C1F91AB4-CAD4-4564-BFFA-C505C764F290}.Debug|Any CPU.Build.0 = Debug|Any CPU
		{C1F91AB4-CAD4-4564-BFFA-C505C764F290}.Release|Any CPU.ActiveCfg = Release|Any CPU
		{C1F91AB4-CAD4-4564-BFFA-C505C764F290}.Release|Any CPU.Build.0 = Release|Any CPU
	EndGlobalSection
	GlobalSection(SolutionProperties) = preSolution
		HideSolutionNode = FALSE
	EndGlobalSection
EndGlobal
